{
  "name": "hyper-omni-owl",
  "version": "0.0.1",
  "lockfileVersion": 2,
  "requires": true,
  "packages": {
    "": {
      "name": "hyper-omni-owl",
      "version": "0.0.1",
      "license": "MIT",
      "dependencies": {
        "hyper-omni-owl": "^0.0.1"
      }
    },
    "node_modules/hyper-omni-owl": {
      "version": "0.0.1",
      "resolved": "https://registry.npmjs.org/hyper-omni-owl/-/hyper-omni-owl-0.0.1.tgz",
      "integrity": "sha512-nVVSROPjJzmQjzQJPUlXrFZge7bIqk0ce30do7kpNDingvbQuKbA9O5IGZVMJP+Z/CyLf/CBa012+jVMonaKRw=="
    }
  },
  "dependencies": {
    "hyper-omni-owl": {
      "version": "0.0.1",
      "resolved": "https://registry.npmjs.org/hyper-omni-owl/-/hyper-omni-owl-0.0.1.tgz",
      "integrity": "sha512-nVVSROPjJzmQjzQJPUlXrFZge7bIqk0ce30do7kpNDingvbQuKbA9O5IGZVMJP+Z/CyLf/CBa012+jVMonaKRw=="
    }
  }
}
